
Microsoft Visual Studio Solution File, Format Version 12.00
# Visual Studio Version 17
VisualStudioVersion = 17.6.33815.320
MinimumVisualStudioVersion = 10.0.40219.1
Project("{FAE04EC0-301F-11D3-BF4B-00C04F79EFBC}") = "PhoneBook", "PhoneBook\PhoneBook.csproj", "{118D1298-E318-40F8-B1FF-70A549ED872E}"
EndProject
Global
	GlobalSection(SolutionConfigurationPlatforms) = preSolution
		Debug|Any CPU = Debug|Any CPU
		Release|Any CPU = Release|Any CPU
	EndGlobalSection
	GlobalSection(ProjectConfigurationPlatforms) = postSolution
		{118D1298-E318-40F8-B1FF-70A549ED872E}.Debug|Any CPU.ActiveCfg = Debug|Any CPU
		{118D1298-E318-40F8-B1FF-70A549ED872E}.Debug|Any CPU.Build.0 = Debug|Any CPU
		{118D1298-E318-40F8-B1FF-70A549ED872E}.Release|Any CPU.ActiveCfg = Release|Any CPU
		{118D1298-E318-40F8-B1FF-70A549ED872E}.Release|Any CPU.Build.0 = Release|Any CPU
	EndGlobalSection
	GlobalSection(SolutionProperties) = preSolution
		HideSolutionNode = FALSE
	EndGlobalSection
	GlobalSection(ExtensibilityGlobals) = postSolution
		SolutionGuid = {C9EF7239-A114-45A9-B66E-583F9FEE8F5B}
	EndGlobalSection
EndGlobal
